<?xml version="1.0" encoding="utf-8"?>
<Project ToolsVersion="4.0" xmlns="http://schemas.microsoft.com/developer/msbuild/2003">
  <ItemGroup>
    <Filter Include="Source Files">
      <UniqueIdentifier>{4FC737F1-C7A5-4376-A066-2A32D752A2FF}</UniqueIdentifier>
      <Extensions>cpp;c;cc;cxx;def;odl;idl;hpj;bat;asm;asmx</Extensions>
    </Filter>
    <Filter Include="Header Files">
      <UniqueIdentifier>{93995380-89BD-4b04-88EB-625FBE52EBFB}</UniqueIdentifier>
      <Extensions>h;hh;hpp;hxx;hm;inl;inc;xsd</Extensions>
    </Filter>
    <Filter Include="Resource Files">
      <UniqueIdentifier>{67DA6AB6-F800-4c08-8B7A-83BB121AAD01}</UniqueIdentifier>
      <Extensions>rc;ico;cur;bmp;dlg;rc2;rct;bin;rgs;gif;jpg;jpeg;jpe;resx;tiff;tif;png;wav;mfcribbon-ms</Extensions>
    </Filter>
  </ItemGroup>
  <ItemGroup>
    <Image Include="AButt.png">
      <Filter>Resource Files</Filter>
    </Image>
    <Image Include="Back.jpg">
      <Filter>Resource Files</Filter>
    </Image>
    <Image Include="barell.tga" />
    <Image Include="barell_n.tga" />
    <Image Include="barell02.tga" />
    <Image Include="barell03.tga" />
    <Image Include="Buttons.png">
      <Filter>Resource Files</Filter>
    </Image>
    <Image Include="Down.jpg">
      <Filter>Resource Files</Filter>
    </Image>
    <Image Include="Faces.jpg">
      <Filter>Resource Files</Filter>
    </Image>
    <Image Include="Front.jpg">
      <Filter>Resource Files</Filter>
    </Image>
    <Image Include="Ground.jpg">
      <Filter>Resource Files</Filter>
    </Image>
    <Image Include="HMTex.jpg">
      <Filter>Resource Files</Filter>
    </Image>
    <Image Include="Left.jpg">
      <Filter>Resource Files</Filter>
    </Image>
    <Image Include="Map.png">
      <Filter>Resource Files</Filter>
    </Image>
    <Image Include="planks01.jpg">
      <Filter>Resource Files</Filter>
    </Image>
    <Image Include="planks02.jpg">
      <Filter>Resource Files</Filter>
    </Image>
    <Image Include="Right.jpg">
      <Filter>Resource Files</Filter>
    </Image>
    <Image Include="Space.png">
      <Filter>Resource Files</Filter>
    </Image>
    <Image Include="SQTR.jpg">
      <Filter>Resource Files</Filter>
    </Image>
    <Image Include="SqTr.png">
      <Filter>Resource Files</Filter>
    </Image>
    <Image Include="SQTR_LM.jpg">
      <Filter>Resource Files</Filter>
    </Image>
    <Image Include="SQTR_SH.png">
      <Filter>Resource Files</Filter>
    </Image>
    <Image Include="SQTR_SpecLM.png">
      <Filter>Resource Files</Filter>
    </Image>
    <Image Include="SQTR_TN.png">
      <Filter>Resource Files</Filter>
    </Image>
    <Image Include="SQTR_TX.jpg">
      <Filter>Resource Files</Filter>
    </Image>
    <Image Include="SquareTrack.jpg">
      <Filter>Resource Files</Filter>
    </Image>
    <Image Include="ton2.jpg">
      <Filter>Resource Files</Filter>
    </Image>
    <Image Include="track.png">
      <Filter>Resource Files</Filter>
    </Image>
    <Image Include="Up.jpg">
      <Filter>Resource Files</Filter>
    </Image>
  </ItemGroup>
  <ItemGroup>
    <ClCompile Include="audio.cpp">
      <Filter>Source Files</Filter>
    </ClCompile>
    <ClCompile Include="base.cpp">
      <Filter>Source Files</Filter>
    </ClCompile>
    <ClCompile Include="camera.cpp">
      <Filter>Source Files</Filter>
    </ClCompile>
    <ClCompile Include="create.cpp">
      <Filter>Source Files</Filter>
    </ClCompile>
    <ClCompile Include="Main.cpp">
      <Filter>Source Files</Filter>
    </ClCompile>
    <ClCompile Include="skybox.cpp">
      <Filter>Source Files</Filter>
    </ClCompile>
    <ClCompile Include="Terrain.cpp">
      <Filter>Source Files</Filter>
    </ClCompile>
    <ClCompile Include="xFile.cpp">
      <Filter>Source Files</Filter>
    </ClCompile>
  </ItemGroup>
  <ItemGroup>
    <ClInclude Include="audio.h">
      <Filter>Header Files</Filter>
    </ClInclude>
    <ClInclude Include="base.h">
      <Filter>Header Files</Filter>
    </ClInclude>
    <ClInclude Include="main.h">
      <Filter>Header Files</Filter>
    </ClInclude>
    <ClInclude Include="skybox.h">
      <Filter>Header Files</Filter>
    </ClInclude>
    <ClInclude Include="Terrain.h">
      <Filter>Header Files</Filter>
    </ClInclude>
    <ClInclude Include="xFile.h">
      <Filter>Header Files</Filter>
    </ClInclude>
  </ItemGroup>
  <ItemGroup>
    <None Include="Faces.psd" />
    <None Include="Faces.raw" />
    <None Include="HM - Copy.raw" />
    <None Include="SQTR summary.html" />
    <None Include="SQTR.proj" />
    <None Include="SQTR.raw" />
    <None Include="SQTR_AM.amf.gz" />
    <None Include="SQTR_HF.hfz" />
    <None Include="SquareTrack.raw" />
    <None Include="track.raw" />
  </ItemGroup>
  <ItemGroup>
    <Xml Include="SQTR.def.xml" />
  </ItemGroup>
</Project>