<?xml version="1.0" encoding="utf-8"?>
<Project ToolsVersion="4.0" xmlns="http://schemas.microsoft.com/developer/msbuild/2003">
  <ItemGroup>
    <Filter Include="Source Files">
      <UniqueIdentifier>{4FC737F1-C7A5-4376-A066-2A32D752A2FF}</UniqueIdentifier>
      <Extensions>cpp;c;cc;cxx;def;odl;idl;hpj;bat;asm;asmx</Extensions>
    </Filter>
    <Filter Include="Header Files">
      <UniqueIdentifier>{93995380-89BD-4b04-88EB-625FBE52EBFB}</UniqueIdentifier>
      <Extensions>h;hh;hpp;hxx;hm;inl;inc;xsd</Extensions>
    </Filter>
    <Filter Include="Resource Files">
      <UniqueIdentifier>{67DA6AB6-F800-4c08-8B7A-83BB121AAD01}</UniqueIdentifier>
      <Extensions>rc;ico;cur;bmp;dlg;rc2;rct;bin;rgs;gif;jpg;jpeg;jpe;resx;tiff;tif;png;wav;mfcribbon-ms</Extensions>
    </Filter>
  </ItemGroup>
  <ItemGroup>
    <Text Include=".txt" />
  </ItemGroup>
  <ItemGroup>
    <Image Include="alphachannel.bmp">
      <Filter>Resource Files</Filter>
    </Image>
    <Image Include="BordersManor1.bmp">
      <Filter>Resource Files</Filter>
    </Image>
    <Image Include="Brick.bmp">
      <Filter>Resource Files</Filter>
    </Image>
    <Image Include="Carptblu.bmp">
      <Filter>Resource Files</Filter>
    </Image>
    <Image Include="Clouds.jpg">
      <Filter>Resource Files</Filter>
    </Image>
    <Image Include="Donot.png">
      <Filter>Resource Files</Filter>
    </Image>
    <Image Include="FloorManor1.bmp">
      <Filter>Resource Files</Filter>
    </Image>
    <Image Include="Grass.jpg">
      <Filter>Resource Files</Filter>
    </Image>
    <Image Include="ManorGround1.bmp">
      <Filter>Resource Files</Filter>
    </Image>
    <Image Include="PillarsManor1.bmp">
      <Filter>Resource Files</Filter>
    </Image>
    <Image Include="Roof.bmp">
      <Filter>Resource Files</Filter>
    </Image>
    <Image Include="RoofManor1.bmp">
      <Filter>Resource Files</Filter>
    </Image>
    <Image Include="RustyFence1.bmp">
      <Filter>Resource Files</Filter>
    </Image>
    <Image Include="Sky.jpg">
      <Filter>Resource Files</Filter>
    </Image>
    <Image Include="Stone.jpg">
      <Filter>Resource Files</Filter>
    </Image>
    <Image Include="Stone1.bmp">
      <Filter>Resource Files</Filter>
    </Image>
    <Image Include="tiger.bmp">
      <Filter>Resource Files</Filter>
    </Image>
    <Image Include="Tree1.bmp">
      <Filter>Resource Files</Filter>
    </Image>
    <Image Include="Turret_01.bmp">
      <Filter>Resource Files</Filter>
    </Image>
    <Image Include="Wall.bmp">
      <Filter>Resource Files</Filter>
    </Image>
    <Image Include="WallsManor1.bmp">
      <Filter>Resource Files</Filter>
    </Image>
    <Image Include="Window.bmp">
      <Filter>Resource Files</Filter>
    </Image>
    <Image Include="WindowsManor1.bmp">
      <Filter>Resource Files</Filter>
    </Image>
    <Image Include="WindowsManor2.bmp">
      <Filter>Resource Files</Filter>
    </Image>
    <Image Include="Wood.jpg">
      <Filter>Resource Files</Filter>
    </Image>
  </ItemGroup>
  <ItemGroup>
    <ClCompile Include="Audio.cpp">
      <Filter>Source Files</Filter>
    </ClCompile>
    <ClCompile Include="Camera.cpp">
      <Filter>Source Files</Filter>
    </ClCompile>
    <ClCompile Include="Cube.cpp">
      <Filter>Source Files</Filter>
    </ClCompile>
    <ClCompile Include="d3dUtility.cpp">
      <Filter>Source Files</Filter>
    </ClCompile>
    <ClCompile Include="Main.cpp">
      <Filter>Source Files</Filter>
    </ClCompile>
    <ClCompile Include="xFile.cpp">
      <Filter>Source Files</Filter>
    </ClCompile>
  </ItemGroup>
  <ItemGroup>
    <ClInclude Include="Audio.h">
      <Filter>Header Files</Filter>
    </ClInclude>
    <ClInclude Include="Camera.h">
      <Filter>Header Files</Filter>
    </ClInclude>
    <ClInclude Include="Cube.h">
      <Filter>Header Files</Filter>
    </ClInclude>
    <ClInclude Include="d3dUtility.h">
      <Filter>Header Files</Filter>
    </ClInclude>
    <ClInclude Include="Vertex.h">
      <Filter>Header Files</Filter>
    </ClInclude>
    <ClInclude Include="xFile.h">
      <Filter>Header Files</Filter>
    </ClInclude>
  </ItemGroup>
  <ItemGroup>
    <Media Include="Bang.wav">
      <Filter>Resource Files</Filter>
    </Media>
    <Media Include="Song.wav">
      <Filter>Resource Files</Filter>
    </Media>
    <Media Include="Voice.wav">
      <Filter>Resource Files</Filter>
    </Media>
  </ItemGroup>
  <ItemGroup>
    <None Include="Castle.X" />
    <None Include="Chainsaw.X" />
    <None Include="Grenade.X" />
    <None Include="Manor.X" />
    <None Include="Monster.X" />
    <None Include="RavengerSiren.X" />
    <None Include="Sectoid.X" />
    <None Include="Slenderman.X" />
    <None Include="Soccer.X" />
    <None Include="Sound.xap" />
    <None Include="tiger.sdkmesh" />
    <None Include="tiger.x" />
    <None Include="Turret.X" />
    <None Include="Ultraman.X" />
    <None Include="Zombie.X" />
  </ItemGroup>
</Project>